
Microsoft Visual Studio Solution File, Format Version 12.00
# Visual Studio 15
Project("{FAE04EC0-301F-11D3-BF4B-00C04F79EFBC}") = "Assembly-CSharp", "Assembly-CSharp.csproj", "{484AFCC6-46F6-2562-D4CD-073F28EAD5E0}"
EndProject
Project("{FAE04EC0-301F-11D3-BF4B-00C04F79EFBC}") = "Assembly-CSharp-Editor", "Assembly-CSharp-Editor.csproj", "{516498A5-28E3-62E5-7248-8A709DCCE75E}"
EndProject
Global
	GlobalSection(SolutionConfigurationPlatforms) = preSolution
		Debug|Any CPU = Debug|Any CPU
		Release|Any CPU = Release|Any CPU
	EndGlobalSection
	GlobalSection(ProjectConfigurationPlatforms) = postSolution
		{484AFCC6-46F6-2562-D4CD-073F28EAD5E0}.Debug|Any CPU.ActiveCfg = Debug|Any CPU
		{484AFCC6-46F6-2562-D4CD-073F28EAD5E0}.Debug|Any CPU.Build.0 = Debug|Any CPU
		{484AFCC6-46F6-2562-D4CD-073F28EAD5E0}.Release|Any CPU.ActiveCfg = Release|Any CPU
		{484AFCC6-46F6-2562-D4CD-073F28EAD5E0}.Release|Any CPU.Build.0 = Release|Any CPU
		{516498A5-28E3-62E5-7248-8A709DCCE75E}.Debug|Any CPU.ActiveCfg = Debug|Any CPU
		{516498A5-28E3-62E5-7248-8A709DCCE75E}.Debug|Any CPU.Build.0 = Debug|Any CPU
		{516498A5-28E3-62E5-7248-8A709DCCE75E}.Release|Any CPU.ActiveCfg = Release|Any CPU
		{516498A5-28E3-62E5-7248-8A709DCCE75E}.Release|Any CPU.Build.0 = Release|Any CPU
	EndGlobalSection
	GlobalSection(SolutionProperties) = preSolution
		HideSolutionNode = FALSE
	EndGlobalSection
EndGlobal
